# This file is autogenerated, do not edit; changes may be undone by the next 'dep ensure'.


[[projects]]
  digest = "1:705c40022f5c03bf96ffeb6477858d88565064485a513abcd0f11a0911546cb6"
  name = "github.com/blang/semver"
  packages = ["."]
  pruneopts = "UT"
  revision = "2ee87856327ba09384cabd113bc6b5d174e9ec0f"
  version = "v3.5.1"

[[projects]]
  branch = "master"
  digest = "1:5063fedc98ad2527bf96940645c8a347d2c7b28ff74f28ad317aedbb43fa03d0"
  name = "github.com/loivis/go-helpers"
  packages = ["."]
  pruneopts = "UT"
  revision = "8e33c3eac2c84dd8bf5e0050ca9f336f2755b58a"

[[projects]]
  digest = "1:40e195917a951a8bf867cd05de2a46aaf1806c50cf92eebf4c16f78cd196f747"
  name = "github.com/pkg/errors"
  packages = ["."]
  pruneopts = "UT"
  revision = "645ef00459ed84a119197bfb8d8205042c6df63d"
  version = "v0.8.0"

[[projects]]
  branch = "master"
  digest = "1:df37a265a8d0abfae6cd8c625cb816b6606fdde9668dca72f6a8ddf5a62cb194"
  name = "github.com/tebeka/selenium"
  packages = [
    ".",
    "chrome",
    "firefox",
    "internal/zip",
    "log",
  ]
  pruneopts = "UT"
  revision = "a49cf4b98a36c2b21b1ccb012852bd142d5fc04a"

[[projects]]
  digest = "1:c30b57e29c4382537286c27e1e4e9b3fb7aa6a4313d0d80b638884c2c3e75d2d"
  name = "gopkg.in/mailgun/mailgun-go.v1"
  packages = ["."]
  pruneopts = "UT"
  revision = "a4002e2df2e8ca2da6a6fbb4a72871b504e49f50"
  version = "v1.1.0"

[solve-meta]
  analyzer-name = "dep"
  analyzer-version = 1
  input-imports = [
    "github.com/loivis/go-helpers",
    "github.com/tebeka/selenium",
    "github.com/tebeka/selenium/chrome",
    "gopkg.in/mailgun/mailgun-go.v1",
  ]
  solver-name = "gps-cdcl"
  solver-version = 1
